{
    "_readme": [
        "This file locks the dependencies of your project to a known state",
        "Read more about it at https://getcomposer.org/doc/01-basic-usage.md#composer-lock-the-lock-file",
        "This file is @generated automatically"
    ],
    "hash": "01064dcef4864dae4db944e1512f24af",
    "packages": [
        {
            "name": "filp/whoops",
            "version": "1.1.5",
            "source": {
                "type": "git",
                "url": "https://github.com/filp/whoops.git",
                "reference": "c982fe62c44798c433229cb0425c61b487cc1883"
            },
            "dist": {
                "type": "zip",
                "url": "https://api.github.com/repos/filp/whoops/zipball/c982fe62c44798c433229cb0425c61b487cc1883",
                "reference": "c982fe62c44798c433229cb0425c61b487cc1883",
                "shasum": ""
            },
            "require": {
                "php": ">=5.3.0"
            },
            "require-dev": {
                "mockery/mockery": "0.9.*"
            },
            "type": "library",
            "extra": {
                "branch-alias": {
                    "dev-master": "1.2-dev"
                }
            },
            "autoload": {
                "psr-0": {
                    "Whoops": "src/"
                },
                "classmap": [
                    "src/deprecated"
                ]
            },
            "notification-url": "https://packagist.org/downloads/",
            "license": [
                "MIT"
            ],
            "authors": [
                {
                    "name": "Filipe Dobreira",
                    "homepage": "https://github.com/filp",
                    "role": "Developer"
                }
            ],
            "description": "php error handling for cool kids",
            "homepage": "https://github.com/filp/whoops",
            "keywords": [
                "error",
                "exception",
                "handling",
                "library",
                "silex-provider",
                "whoops",
                "zf2"
            ],
            "time": "2015-03-30 15:26:59"
        },
        {
            "name": "joomla/application",
            "version": "1.4.0",
            "source": {
                "type": "git",
                "url": "https://github.com/joomla-framework/application.git",
                "reference": "185b68fe55537281385b637a90e11856ea01c8da"
            },
            "dist": {
                "type": "zip",
                "url": "https://api.github.com/repos/joomla-framework/application/zipball/185b68fe55537281385b637a90e11856ea01c8da",
                "reference": "185b68fe55537281385b637a90e11856ea01c8da",
                "shasum": ""
            },
            "require": {
                "joomla/input": "~1.2",
                "joomla/registry": "~1.1",
                "php": ">=5.3.10",
                "psr/log": "~1.0"
            },
            "require-dev": {
                "joomla/session": "~1.1",
                "joomla/test": "~1.1",
                "joomla/uri": "~1.1",
                "phpunit/phpunit": "4.*",
                "squizlabs/php_codesniffer": "1.*"
            },
            "suggest": {
                "joomla/session": "To use AbstractWebApplication with session support, install joomla/session",
                "joomla/uri": "To use AbstractWebApplication, install joomla/uri"
            },
            "type": "joomla-package",
            "extra": {
                "branch-alias": {
                    "dev-master": "1.x-dev"
                }
            },
            "autoload": {
                "psr-4": {
                    "Joomla\\Application\\": "src/",
                    "Joomla\\Application\\Tests\\": "Tests/"
                }
            },
            "notification-url": "https://packagist.org/downloads/",
            "license": [
                "GPL-2.0+"
            ],
            "description": "Joomla Application Package",
            "homepage": "https://github.com/joomla-framework/application",
            "keywords": [
                "application",
                "framework",
                "joomla"
            ],
            "time": "2015-03-06 17:37:01"
        },
        {
            "name": "joomla/compat",
            "version": "1.2.0",
            "source": {
                "type": "git",
                "url": "https://github.com/joomla-framework/compat.git",
                "reference": "f23565fe0184517778996226eb4b2333deb369c4"
            },
            "dist": {
                "type": "zip",
                "url": "https://api.github.com/repos/joomla-framework/compat/zipball/f23565fe0184517778996226eb4b2333deb369c4",
                "reference": "f23565fe0184517778996226eb4b2333deb369c4",
                "shasum": ""
            },
            "require": {
                "php": ">=5.3.10"
            },
            "type": "joomla-package",
            "autoload": {
                "classmap": [
                    "src/JsonSerializable.php",
                    "src/CallbackFilterIterator.php"
                ]
            },
            "notification-url": "https://packagist.org/downloads/",
            "license": [
                "GPL-2.0+"
            ],
            "description": "Joomla Compat Package",
            "homepage": "https://github.com/joomla-framework/compat",
            "keywords": [
                "compat",
                "framework",
                "joomla"
            ],
            "time": "2015-02-24 00:21:06"
        },
        {
            "name": "joomla/controller",
            "version": "1.1.2",
            "source": {
                "type": "git",
                "url": "https://github.com/joomla-framework/controller.git",
                "reference": "9bc6778082299982a5d37cc0d2c3eff42ff2ed71"
            },
            "dist": {
                "type": "zip",
                "url": "https://api.github.com/repos/joomla-framework/controller/zipball/9bc6778082299982a5d37cc0d2c3eff42ff2ed71",
                "reference": "9bc6778082299982a5d37cc0d2c3eff42ff2ed71",
                "shasum": ""
            },
            "require": {
                "joomla/application": "~1.0",
                "joomla/input": "~1.0",
                "php": ">=5.3.10"
            },
            "require-dev": {
                "joomla/application": "~1.0",
                "joomla/input": "~1.0",
                "joomla/test": "~1.0",
                "phpunit/phpunit": "4.*",
                "squizlabs/php_codesniffer": "1.*"
            },
            "type": "joomla-package",
            "extra": {
                "branch-alias": {
                    "dev-master": "1.x-dev"
                }
            },
            "autoload": {
                "psr-4": {
                    "Joomla\\Controller\\": "src/",
                    "Joomla\\Controller\\Tests\\": "Tests/"
                }
            },
            "notification-url": "https://packagist.org/downloads/",
            "license": [
                "GPL-2.0+"
            ],
            "description": "Joomla Controller Package",
            "homepage": "https://github.com/joomla-framework/controller",
            "keywords": [
                "controller",
                "framework",
                "joomla"
            ],
            "time": "2015-03-05 11:42:43"
        },
        {
            "name": "joomla/di",
            "version": "1.3.1",
            "source": {
                "type": "git",
                "url": "https://github.com/joomla-framework/di.git",
                "reference": "4991f57e2af628a87e43493b9b92dc8e3048da63"
            },
            "dist": {
                "type": "zip",
                "url": "https://api.github.com/repos/joomla-framework/di/zipball/4991f57e2af628a87e43493b9b92dc8e3048da63",
                "reference": "4991f57e2af628a87e43493b9b92dc8e3048da63",
                "shasum": ""
            },
            "require": {
                "php": ">=5.3.10"
            },
            "require-dev": {
                "phpunit/phpunit": "4.*",
                "squizlabs/php_codesniffer": "1.*"
            },
            "type": "joomla-package",
            "extra": {
                "branch-alias": {
                    "dev-master": "1.x-dev"
                }
            },
            "autoload": {
                "psr-4": {
                    "Joomla\\DI\\": "src/",
                    "Joomla\\DI\\Tests\\": "Tests/"
                }
            },
            "notification-url": "https://packagist.org/downloads/",
            "license": [
                "GPL-2.0+"
            ],
            "description": "Joomla DI Package",
            "homepage": "https://github.com/joomla-framework/di",
            "keywords": [
                "container",
                "dependency injection",
                "di",
                "framework",
                "ioc",
                "joomla"
            ],
            "time": "2015-04-02 16:30:40"
        },
        {
            "name": "joomla/event",
            "version": "1.1.1",
            "source": {
                "type": "git",
                "url": "https://github.com/joomla-framework/event.git",
                "reference": "bb957bc45aba897e465384bbe21cd0eb79aca901"
            },
            "dist": {
                "type": "zip",
                "url": "https://api.github.com/repos/joomla-framework/event/zipball/bb957bc45aba897e465384bbe21cd0eb79aca901",
                "reference": "bb957bc45aba897e465384bbe21cd0eb79aca901",
                "shasum": ""
            },
            "require": {
                "php": ">=5.3.10"
            },
            "type": "joomla-package",
            "autoload": {
                "psr-4": {
                    "Joomla\\Event\\": "src/",
                    "Joomla\\Event\\Tests\\": "Tests/"
                }
            },
            "notification-url": "https://packagist.org/downloads/",
            "license": [
                "GPL-2.0+"
            ],
            "description": "Joomla Event Package",
            "homepage": "https://github.com/joomla-framework/event",
            "keywords": [
                "event",
                "framework",
                "joomla"
            ],
            "time": "2014-02-09 01:30:54"
        },
        {
            "name": "joomla/filesystem",
            "version": "1.2.0",
            "source": {
                "type": "git",
                "url": "https://github.com/joomla-framework/filesystem.git",
                "reference": "31884adf5470baf14de74bfd36482fd18ae048ad"
            },
            "dist": {
                "type": "zip",
                "url": "https://api.github.com/repos/joomla-framework/filesystem/zipball/31884adf5470baf14de74bfd36482fd18ae048ad",
                "reference": "31884adf5470baf14de74bfd36482fd18ae048ad",
                "shasum": ""
            },
            "require": {
                "php": ">=5.3.10"
            },
            "type": "joomla-package",
            "autoload": {
                "psr-4": {
                    "Joomla\\Filesystem\\": "src/",
                    "Joomla\\Filesystem\\Tests\\": "Tests/"
                }
            },
            "notification-url": "https://packagist.org/downloads/",
            "license": [
                "GPL-2.0+"
            ],
            "description": "Joomla Filesystem Package",
            "homepage": "https://github.com/joomla/joomla-framework-filesystem",
            "keywords": [
                "filesystem",
                "framework",
                "joomla"
            ],
            "time": "2014-04-10 02:54:58"
        },
        {
            "name": "joomla/filter",
            "version": "1.1.5",
            "source": {
                "type": "git",
                "url": "https://github.com/joomla-framework/filter.git",
                "reference": "ed6d695a81e71508782ab8d711498c684465b041"
            },
            "dist": {
                "type": "zip",
                "url": "https://api.github.com/repos/joomla-framework/filter/zipball/ed6d695a81e71508782ab8d711498c684465b041",
                "reference": "ed6d695a81e71508782ab8d711498c684465b041",
                "shasum": ""
            },
            "require": {
                "php": ">=5.3.10"
            },
            "require-dev": {
                "joomla/language": "~1.0",
                "joomla/string": "~1.0",
                "phpunit/phpunit": "4.*",
                "squizlabs/php_codesniffer": "1.*"
            },
            "suggest": {
                "joomla/language": "Required only if you want to use `OutputFilter::stringURLSafe`.",
                "joomla/string": "Required only if you want to use `OutputFilter::stringURLSafe` and `OutputFilter::stringURLUnicodeSlug`."
            },
            "type": "joomla-package",
            "extra": {
                "branch-alias": {
                    "dev-master": "1.x-dev"
                }
            },
            "autoload": {
                "psr-4": {
                    "Joomla\\Filter\\": "src/",
                    "Joomla\\Filter\\Tests\\": "Tests/"
                }
            },
            "notification-url": "https://packagist.org/downloads/",
            "license": [
                "GPL-2.0+"
            ],
            "description": "Joomla Filter Package",
            "homepage": "https://github.com/joomla-framework/filter",
            "keywords": [
                "filter",
                "framework",
                "joomla"
            ],
            "time": "2014-12-12 21:46:44"
        },
        {
            "name": "joomla/input",
            "version": "1.2.0",
            "source": {
                "type": "git",
                "url": "https://github.com/joomla-framework/input.git",
                "reference": "b6098276043e2d627221fe54d3c91232e6679d0f"
            },
            "dist": {
                "type": "zip",
                "url": "https://api.github.com/repos/joomla-framework/input/zipball/b6098276043e2d627221fe54d3c91232e6679d0f",
                "reference": "b6098276043e2d627221fe54d3c91232e6679d0f",
                "shasum": ""
            },
            "require": {
                "joomla/filter": "~1.0",
                "php": ">=5.3.10"
            },
            "require-dev": {
                "joomla/test": "~1.0",
                "phpunit/phpunit": "4.*",
                "squizlabs/php_codesniffer": "1.*"
            },
            "type": "joomla-package",
            "extra": {
                "branch-alias": {
                    "dev-master": "1.x-dev"
                }
            },
            "autoload": {
                "psr-4": {
                    "Joomla\\Input\\": "src/",
                    "Joomla\\Input\\Tests\\": "Tests/"
                }
            },
            "notification-url": "https://packagist.org/downloads/",
            "license": [
                "GPL-2.0+"
            ],
            "description": "Joomla Input Package",
            "homepage": "https://github.com/joomla-framework/input",
            "keywords": [
                "framework",
                "input",
                "joomla"
            ],
            "time": "2014-10-12 18:01:36"
        },
        {
            "name": "joomla/model",
            "version": "1.2.0",
            "source": {
                "type": "git",
                "url": "https://github.com/joomla-framework/model.git",
                "reference": "900c54801904bf0fa594b5d78def01d764fb4281"
            },
            "dist": {
                "type": "zip",
                "url": "https://api.github.com/repos/joomla-framework/model/zipball/900c54801904bf0fa594b5d78def01d764fb4281",
                "reference": "900c54801904bf0fa594b5d78def01d764fb4281",
                "shasum": ""
            },
            "require": {
                "joomla/registry": "~1.0",
                "php": ">=5.3.10"
            },
            "require-dev": {
                "joomla/database": "~1.0",
                "joomla/test": "~1.0",
                "phpunit/phpunit": "4.*",
                "squizlabs/php_codesniffer": "1.*"
            },
            "suggest": {
                "joomla/database": "Allows using database models"
            },
            "type": "joomla-package",
            "extra": {
                "branch-alias": {
                    "dev-master": "1.x-dev"
                }
            },
            "autoload": {
                "psr-4": {
                    "Joomla\\Model\\": "src/",
                    "Joomla\\Model\\Tests\\": "Tests/"
                }
            },
            "notification-url": "https://packagist.org/downloads/",
            "license": [
                "GPL-2.0+"
            ],
            "description": "Joomla Model Package",
            "homepage": "https://github.com/joomla-framework/model",
            "keywords": [
                "framework",
                "joomla",
                "model"
            ],
            "time": "2014-11-03 16:43:46"
        },
        {
            "name": "joomla/registry",
            "version": "1.4.5",
            "source": {
                "type": "git",
                "url": "https://github.com/joomla-framework/registry.git",
                "reference": "4f926ba961ca45eb95076a1598c3ae689cb02fc5"
            },
            "dist": {
                "type": "zip",
                "url": "https://api.github.com/repos/joomla-framework/registry/zipball/4f926ba961ca45eb95076a1598c3ae689cb02fc5",
                "reference": "4f926ba961ca45eb95076a1598c3ae689cb02fc5",
                "shasum": ""
            },
            "require": {
                "joomla/compat": "~1.0",
                "joomla/string": "~1.3",
                "joomla/utilities": "~1.0",
                "php": ">=5.3.10"
            },
            "require-dev": {
                "joomla/test": "~1.0",
                "phpunit/phpunit": "4.*",
                "squizlabs/php_codesniffer": "1.*",
                "symfony/yaml": "~2.0"
            },
            "suggest": {
                "symfony/yaml": "Install 2.* if you require YAML support."
            },
            "type": "joomla-package",
            "extra": {
                "branch-alias": {
                    "dev-master": "1.x-dev"
                }
            },
            "autoload": {
                "psr-4": {
                    "Joomla\\Registry\\": "src/",
                    "Joomla\\Registry\\Tests\\": "Tests/"
                }
            },
            "notification-url": "https://packagist.org/downloads/",
            "license": [
                "GPL-2.0+"
            ],
            "description": "Joomla Registry Package",
            "homepage": "https://github.com/joomla-framework/registry",
            "keywords": [
                "framework",
                "joomla",
                "registry"
            ],
            "time": "2015-03-28 17:54:38"
        },
        {
            "name": "joomla/router",
            "version": "1.1.2",
            "source": {
                "type": "git",
                "url": "https://github.com/joomla-framework/router.git",
                "reference": "e7a22af3ae07ab33999c575dff29ab423b662859"
            },
            "dist": {
                "type": "zip",
                "url": "https://api.github.com/repos/joomla-framework/router/zipball/e7a22af3ae07ab33999c575dff29ab423b662859",
                "reference": "e7a22af3ae07ab33999c575dff29ab423b662859",
                "shasum": ""
            },
            "require": {
                "joomla/controller": "~1.0",
                "joomla/input": "~1.0",
                "php": ">=5.3.10"
            },
            "require-dev": {
                "joomla/test": "~1.0"
            },
            "type": "joomla-package",
            "autoload": {
                "psr-4": {
                    "Joomla\\Router\\": "src/",
                    "Joomla\\Router\\Tests\\": "Tests/"
                }
            },
            "notification-url": "https://packagist.org/downloads/",
            "license": [
                "GPL-2.0+"
            ],
            "description": "Joomla Router Package",
            "homepage": "https://github.com/joomla-framework/router",
            "keywords": [
                "framework",
                "joomla",
                "router"
            ],
            "time": "2014-08-23 19:40:48"
        },
        {
            "name": "joomla/session",
            "version": "1.2.3",
            "target-dir": "Joomla/Session",
            "source": {
                "type": "git",
                "url": "https://github.com/joomla-framework/session.git",
                "reference": "ef955cf9642793c4ad5874f334069051c33ba604"
            },
            "dist": {
                "type": "zip",
                "url": "https://api.github.com/repos/joomla-framework/session/zipball/ef955cf9642793c4ad5874f334069051c33ba604",
                "reference": "ef955cf9642793c4ad5874f334069051c33ba604",
                "shasum": ""
            },
            "require": {
                "joomla/event": "~1.1",
                "joomla/filter": "~1.0",
                "php": ">=5.3.10"
            },
            "require-dev": {
                "joomla/test": "~1.0"
            },
            "suggest": {
                "joomla/database": "Install joomla/database if you want to use Database session storage."
            },
            "type": "joomla-package",
            "autoload": {
                "psr-0": {
                    "Joomla\\Session": ""
                }
            },
            "notification-url": "https://packagist.org/downloads/",
            "license": [
                "GPL-2.0+"
            ],
            "description": "Joomla Session Package",
            "homepage": "https://github.com/joomla-framework/session",
            "keywords": [
                "framework",
                "joomla",
                "session"
            ],
            "time": "2014-08-18 17:41:06"
        },
        {
            "name": "joomla/string",
            "version": "1.3.0",
            "source": {
                "type": "git",
                "url": "https://github.com/joomla-framework/string.git",
                "reference": "0df8ead8c726a1f648e624d3bcbef8cf05c1d0da"
            },
            "dist": {
                "type": "zip",
                "url": "https://api.github.com/repos/joomla-framework/string/zipball/0df8ead8c726a1f648e624d3bcbef8cf05c1d0da",
                "reference": "0df8ead8c726a1f648e624d3bcbef8cf05c1d0da",
                "shasum": ""
            },
            "require": {
                "php": ">=5.3.10"
            },
            "require-dev": {
                "joomla/test": "~1.0",
                "phpunit/phpunit": "4.*",
                "squizlabs/php_codesniffer": "1.*"
            },
            "type": "joomla-package",
            "extra": {
                "branch-alias": {
                    "dev-master": "1.x-dev"
                }
            },
            "autoload": {
                "psr-4": {
                    "Joomla\\String\\": "src/",
                    "Joomla\\String\\Tests\\": "Tests/"
                }
            },
            "notification-url": "https://packagist.org/downloads/",
            "license": [
                "GPL-2.0+"
            ],
            "description": "Joomla String Package",
            "homepage": "https://github.com/joomla-framework/string",
            "keywords": [
                "framework",
                "joomla",
                "string"
            ],
            "time": "2015-03-26 01:02:20"
        },
        {
            "name": "joomla/uri",
            "version": "1.1.1",
            "source": {
                "type": "git",
                "url": "https://github.com/joomla-framework/uri.git",
                "reference": "980e532e4235bb8f1ada15b28822abbeb171da3f"
            },
            "dist": {
                "type": "zip",
                "url": "https://api.github.com/repos/joomla-framework/uri/zipball/980e532e4235bb8f1ada15b28822abbeb171da3f",
                "reference": "980e532e4235bb8f1ada15b28822abbeb171da3f",
                "shasum": ""
            },
            "require": {
                "php": ">=5.3.10"
            },
            "type": "joomla-package",
            "autoload": {
                "psr-4": {
                    "Joomla\\Uri\\": "src/",
                    "Joomla\\Uri\\Tests\\": "Tests/"
                }
            },
            "notification-url": "https://packagist.org/downloads/",
            "license": [
                "GPL-2.0+"
            ],
            "description": "Joomla Uri Package",
            "homepage": "https://github.com/joomla-framework/uri",
            "keywords": [
                "framework",
                "joomla",
                "uri"
            ],
            "time": "2014-02-09 02:57:17"
        },
        {
            "name": "joomla/utilities",
            "version": "1.3.3",
            "source": {
                "type": "git",
                "url": "https://github.com/joomla-framework/utilities.git",
                "reference": "3e43b0806c194a92b58a176b73d6cc2dc6c9c3a4"
            },
            "dist": {
                "type": "zip",
                "url": "https://api.github.com/repos/joomla-framework/utilities/zipball/3e43b0806c194a92b58a176b73d6cc2dc6c9c3a4",
                "reference": "3e43b0806c194a92b58a176b73d6cc2dc6c9c3a4",
                "shasum": ""
            },
            "require": {
                "joomla/string": "~1.3",
                "php": ">=5.3.10"
            },
            "require-dev": {
                "phpunit/phpunit": "4.*",
                "squizlabs/php_codesniffer": "1.*"
            },
            "type": "joomla-package",
            "extra": {
                "branch-alias": {
                    "dev-master": "1.x-dev"
                }
            },
            "autoload": {
                "psr-4": {
                    "Joomla\\Utilities\\": "src/",
                    "Joomla\\Utilities\\Tests\\": "Tests/"
                }
            },
            "notification-url": "https://packagist.org/downloads/",
            "license": [
                "GPL-2.0+"
            ],
            "description": "Joomla Utilities Package",
            "homepage": "https://github.com/joomla-framework/utilities",
            "keywords": [
                "framework",
                "joomla",
                "utilities"
            ],
            "time": "2015-03-28 17:52:43"
        },
        {
            "name": "joomla/view",
            "version": "1.2.0",
            "source": {
                "type": "git",
                "url": "https://github.com/joomla-framework/view.git",
                "reference": "2254fec4b1a11d2dfd0fe9dd096b263194583d22"
            },
            "dist": {
                "type": "zip",
                "url": "https://api.github.com/repos/joomla-framework/view/zipball/2254fec4b1a11d2dfd0fe9dd096b263194583d22",
                "reference": "2254fec4b1a11d2dfd0fe9dd096b263194583d22",
                "shasum": ""
            },
            "require": {
                "joomla/filesystem": "~1.0",
                "joomla/model": "~1.0",
                "php": ">=5.3.10"
            },
            "require-dev": {
                "joomla/test": "~1.0",
                "phpunit/phpunit": "4.*",
                "squizlabs/php_codesniffer": "1.*"
            },
            "type": "joomla-package",
            "extra": {
                "branch-alias": {
                    "dev-master": "1.x-dev"
                }
            },
            "autoload": {
                "psr-4": {
                    "Joomla\\View\\": "src/",
                    "Joomla\\View\\Tests\\": "Tests/"
                }
            },
            "notification-url": "https://packagist.org/downloads/",
            "license": [
                "GPL-2.0+"
            ],
            "description": "Joomla View Package",
            "homepage": "https://github.com/joomla-framework/view",
            "keywords": [
                "framework",
                "joomla",
                "view"
            ],
            "time": "2014-09-01 02:30:31"
        },
        {
            "name": "psr/log",
            "version": "1.0.0",
            "source": {
                "type": "git",
                "url": "https://github.com/php-fig/log.git",
                "reference": "fe0936ee26643249e916849d48e3a51d5f5e278b"
            },
            "dist": {
                "type": "zip",
                "url": "https://api.github.com/repos/php-fig/log/zipball/fe0936ee26643249e916849d48e3a51d5f5e278b",
                "reference": "fe0936ee26643249e916849d48e3a51d5f5e278b",
                "shasum": ""
            },
            "type": "library",
            "autoload": {
                "psr-0": {
                    "Psr\\Log\\": ""
                }
            },
            "notification-url": "https://packagist.org/downloads/",
            "license": [
                "MIT"
            ],
            "authors": [
                {
                    "name": "PHP-FIG",
                    "homepage": "http://www.php-fig.org/"
                }
            ],
            "description": "Common interface for logging libraries",
            "keywords": [
                "log",
                "psr",
                "psr-3"
            ],
            "time": "2012-12-21 11:40:51"
        },
        {
            "name": "robmorgan/phinx",
            "version": "v0.4.3",
            "source": {
                "type": "git",
                "url": "https://github.com/robmorgan/phinx.git",
                "reference": "0d1f9cb9939f65f506a8a3f5fee356764c310fd4"
            },
            "dist": {
                "type": "zip",
                "url": "https://api.github.com/repos/robmorgan/phinx/zipball/0d1f9cb9939f65f506a8a3f5fee356764c310fd4",
                "reference": "0d1f9cb9939f65f506a8a3f5fee356764c310fd4",
                "shasum": ""
            },
            "require": {
                "php": ">=5.3.2",
                "symfony/config": "~2.6.0",
                "symfony/console": "~2.6.0",
                "symfony/yaml": "~2.6.0"
            },
            "require-dev": {
                "phpunit/phpunit": "3.7.*",
                "squizlabs/php_codesniffer": "dev-phpcs-fixer"
            },
            "bin": [
                "bin/phinx"
            ],
            "type": "library",
            "autoload": {
                "psr-4": {
                    "Phinx\\": "src/Phinx"
                }
            },
            "notification-url": "https://packagist.org/downloads/",
            "license": [
                "MIT"
            ],
            "authors": [
                {
                    "name": "Rob Morgan",
                    "email": "robbym@gmail.com",
                    "homepage": "http://robmorgan.id.au",
                    "role": "Lead Developer"
                },
                {
                    "name": "Woody Gilk",
                    "email": "woody.gilk@gmail.com",
                    "homepage": "http://shadowhand.me",
                    "role": "Developer"
                }
            ],
            "description": "Phinx makes it ridiculously easy to manage the database migrations for your PHP app.",
            "homepage": "https://phinx.org",
            "keywords": [
                "database",
                "database migrations",
                "db",
                "migrations",
                "phinx"
            ],
            "time": "2015-02-23 16:38:12"
        },
        {
            "name": "symfony/config",
            "version": "v2.6.7",
            "target-dir": "Symfony/Component/Config",
            "source": {
                "type": "git",
                "url": "https://github.com/symfony/Config.git",
                "reference": "b6fddb4aa2daaa2b06f0040071ac131b4a1ecf25"
            },
            "dist": {
                "type": "zip",
                "url": "https://api.github.com/repos/symfony/Config/zipball/b6fddb4aa2daaa2b06f0040071ac131b4a1ecf25",
                "reference": "b6fddb4aa2daaa2b06f0040071ac131b4a1ecf25",
                "shasum": ""
            },
            "require": {
                "php": ">=5.3.3",
                "symfony/filesystem": "~2.3"
            },
            "require-dev": {
                "symfony/phpunit-bridge": "~2.7"
            },
            "type": "library",
            "extra": {
                "branch-alias": {
                    "dev-master": "2.6-dev"
                }
            },
            "autoload": {
                "psr-0": {
                    "Symfony\\Component\\Config\\": ""
                }
            },
            "notification-url": "https://packagist.org/downloads/",
            "license": [
                "MIT"
            ],
            "authors": [
                {
                    "name": "Fabien Potencier",
                    "email": "fabien@symfony.com"
                },
                {
                    "name": "Symfony Community",
                    "homepage": "https://symfony.com/contributors"
                }
            ],
            "description": "Symfony Config Component",
            "homepage": "https://symfony.com",
            "time": "2015-05-02 15:18:45"
        },
        {
            "name": "symfony/console",
            "version": "v2.6.7",
            "target-dir": "Symfony/Component/Console",
            "source": {
                "type": "git",
                "url": "https://github.com/symfony/Console.git",
                "reference": "ebc5679854aa24ed7d65062e9e3ab0b18a917272"
            },
            "dist": {
                "type": "zip",
                "url": "https://api.github.com/repos/symfony/Console/zipball/ebc5679854aa24ed7d65062e9e3ab0b18a917272",
                "reference": "ebc5679854aa24ed7d65062e9e3ab0b18a917272",
                "shasum": ""
            },
            "require": {
                "php": ">=5.3.3"
            },
            "require-dev": {
                "psr/log": "~1.0",
                "symfony/event-dispatcher": "~2.1",
                "symfony/phpunit-bridge": "~2.7",
                "symfony/process": "~2.1"
            },
            "suggest": {
                "psr/log": "For using the console logger",
                "symfony/event-dispatcher": "",
                "symfony/process": ""
            },
            "type": "library",
            "extra": {
                "branch-alias": {
                    "dev-master": "2.6-dev"
                }
            },
            "autoload": {
                "psr-0": {
                    "Symfony\\Component\\Console\\": ""
                }
            },
            "notification-url": "https://packagist.org/downloads/",
            "license": [
                "MIT"
            ],
            "authors": [
                {
                    "name": "Fabien Potencier",
                    "email": "fabien@symfony.com"
                },
                {
                    "name": "Symfony Community",
                    "homepage": "https://symfony.com/contributors"
                }
            ],
            "description": "Symfony Console Component",
            "homepage": "https://symfony.com",
            "time": "2015-05-02 15:18:45"
        },
        {
            "name": "symfony/filesystem",
            "version": "v2.6.7",
            "target-dir": "Symfony/Component/Filesystem",
            "source": {
                "type": "git",
                "url": "https://github.com/symfony/Filesystem.git",
                "reference": "f73904bd2dae525c42ea1f0340c7c98480ecacde"
            },
            "dist": {
                "type": "zip",
                "url": "https://api.github.com/repos/symfony/Filesystem/zipball/f73904bd2dae525c42ea1f0340c7c98480ecacde",
                "reference": "f73904bd2dae525c42ea1f0340c7c98480ecacde",
                "shasum": ""
            },
            "require": {
                "php": ">=5.3.3"
            },
            "require-dev": {
                "symfony/phpunit-bridge": "~2.7"
            },
            "type": "library",
            "extra": {
                "branch-alias": {
                    "dev-master": "2.6-dev"
                }
            },
            "autoload": {
                "psr-0": {
                    "Symfony\\Component\\Filesystem\\": ""
                }
            },
            "notification-url": "https://packagist.org/downloads/",
            "license": [
                "MIT"
            ],
            "authors": [
                {
                    "name": "Fabien Potencier",
                    "email": "fabien@symfony.com"
                },
                {
                    "name": "Symfony Community",
                    "homepage": "https://symfony.com/contributors"
                }
            ],
            "description": "Symfony Filesystem Component",
            "homepage": "https://symfony.com",
            "time": "2015-05-08 00:09:07"
        },
        {
            "name": "symfony/yaml",
            "version": "v2.6.7",
            "target-dir": "Symfony/Component/Yaml",
            "source": {
                "type": "git",
                "url": "https://github.com/symfony/Yaml.git",
                "reference": "f157ab074e453ecd4c0fa775f721f6e67a99d9e2"
            },
            "dist": {
                "type": "zip",
                "url": "https://api.github.com/repos/symfony/Yaml/zipball/f157ab074e453ecd4c0fa775f721f6e67a99d9e2",
                "reference": "f157ab074e453ecd4c0fa775f721f6e67a99d9e2",
                "shasum": ""
            },
            "require": {
                "php": ">=5.3.3"
            },
            "require-dev": {
                "symfony/phpunit-bridge": "~2.7"
            },
            "type": "library",
            "extra": {
                "branch-alias": {
                    "dev-master": "2.6-dev"
                }
            },
            "autoload": {
                "psr-0": {
                    "Symfony\\Component\\Yaml\\": ""
                }
            },
            "notification-url": "https://packagist.org/downloads/",
            "license": [
                "MIT"
            ],
            "authors": [
                {
                    "name": "Fabien Potencier",
                    "email": "fabien@symfony.com"
                },
                {
                    "name": "Symfony Community",
                    "homepage": "https://symfony.com/contributors"
                }
            ],
            "description": "Symfony Yaml Component",
            "homepage": "https://symfony.com",
            "time": "2015-05-02 15:18:45"
        },
        {
            "name": "twig/twig",
            "version": "v1.18.1",
            "source": {
                "type": "git",
                "url": "https://github.com/twigphp/Twig.git",
                "reference": "9f70492f44398e276d1b81c1b43adfe6751c7b7f"
            },
            "dist": {
                "type": "zip",
                "url": "https://api.github.com/repos/twigphp/Twig/zipball/9f70492f44398e276d1b81c1b43adfe6751c7b7f",
                "reference": "9f70492f44398e276d1b81c1b43adfe6751c7b7f",
                "shasum": ""
            },
            "require": {
                "php": ">=5.2.7"
            },
            "type": "library",
            "extra": {
                "branch-alias": {
                    "dev-master": "1.18-dev"
                }
            },
            "autoload": {
                "psr-0": {
                    "Twig_": "lib/"
                }
            },
            "notification-url": "https://packagist.org/downloads/",
            "license": [
                "BSD-3-Clause"
            ],
            "authors": [
                {
                    "name": "Fabien Potencier",
                    "email": "fabien@symfony.com",
                    "homepage": "http://fabien.potencier.org",
                    "role": "Lead Developer"
                },
                {
                    "name": "Armin Ronacher",
                    "email": "armin.ronacher@active-4.com",
                    "role": "Project Founder"
                },
                {
                    "name": "Twig Team",
                    "homepage": "http://twig.sensiolabs.org/contributors",
                    "role": "Contributors"
                }
            ],
            "description": "Twig, the flexible, fast, and secure template language for PHP",
            "homepage": "http://twig.sensiolabs.org",
            "keywords": [
                "templating"
            ],
            "time": "2015-04-19 08:30:27"
        },
        {
            "name": "windwalker/compare",
            "version": "2.0.8",
            "source": {
                "type": "git",
                "url": "https://github.com/ventoviro/windwalker-compare.git",
                "reference": "feaea38398036506a0d84738189dc3fcb7b82274"
            },
            "dist": {
                "type": "zip",
                "url": "https://api.github.com/repos/ventoviro/windwalker-compare/zipball/feaea38398036506a0d84738189dc3fcb7b82274",
                "reference": "feaea38398036506a0d84738189dc3fcb7b82274",
                "shasum": ""
            },
            "require": {
                "php": ">=5.3.10"
            },
            "require-dev": {
                "windwalker/test": "~2.0"
            },
            "type": "windwalker-package",
            "extra": {
                "branch-alias": {
                    "dev-master": "2.1-dev"
                }
            },
            "autoload": {
                "psr-4": {
                    "Windwalker\\Compare\\": ""
                }
            },
            "notification-url": "https://packagist.org/downloads/",
            "license": [
                "LGPL-2.0+"
            ],
            "description": "Windwalker Compare package",
            "homepage": "https://github.com/ventoviro/windwalker-compare",
            "keywords": [
                "compare",
                "framework",
                "windwalker"
            ],
            "time": "2014-12-16 15:28:13"
        },
        {
            "name": "windwalker/data",
            "version": "2.0.8",
            "source": {
                "type": "git",
                "url": "https://github.com/ventoviro/windwalker-data.git",
                "reference": "83c51cf3186720e146774bcf39b76ef1a2c5e18f"
            },
            "dist": {
                "type": "zip",
                "url": "https://api.github.com/repos/ventoviro/windwalker-data/zipball/83c51cf3186720e146774bcf39b76ef1a2c5e18f",
                "reference": "83c51cf3186720e146774bcf39b76ef1a2c5e18f",
                "shasum": ""
            },
            "require": {
                "php": ">=5.3.10"
            },
            "require-dev": {
                "windwalker/test": "~2.0"
            },
            "type": "windwalker-package",
            "extra": {
                "branch-alias": {
                    "dev-master": "2.1-dev"
                }
            },
            "autoload": {
                "psr-4": {
                    "Windwalker\\Data\\": ""
                }
            },
            "notification-url": "https://packagist.org/downloads/",
            "license": [
                "LGPL-2.0+"
            ],
            "description": "Windwalker Data package",
            "homepage": "https://github.com/ventoviro/windwalker-data",
            "keywords": [
                "data",
                "framework",
                "windwalker"
            ],
            "time": "2015-04-04 07:29:34"
        },
        {
            "name": "windwalker/database",
            "version": "2.0.8",
            "source": {
                "type": "git",
                "url": "https://github.com/ventoviro/windwalker-database.git",
                "reference": "9203d79bc278783705db340ac7307be0521844d3"
            },
            "dist": {
                "type": "zip",
                "url": "https://api.github.com/repos/ventoviro/windwalker-database/zipball/9203d79bc278783705db340ac7307be0521844d3",
                "reference": "9203d79bc278783705db340ac7307be0521844d3",
                "shasum": ""
            },
            "require": {
                "php": ">=5.3.10",
                "psr/log": "1.*@stable",
                "windwalker/query": "~2.0"
            },
            "require-dev": {
                "windwalker/compare": "~2.0",
                "windwalker/test": "~2.0",
                "windwalker/utilities": "~2.0"
            },
            "suggest": {
                "windwalker/compare": "Install 2.* if you want to use Compare object."
            },
            "type": "windwalker-package",
            "extra": {
                "branch-alias": {
                    "dev-master": "2.1-dev"
                }
            },
            "autoload": {
                "psr-4": {
                    "Windwalker\\Database\\": ""
                }
            },
            "notification-url": "https://packagist.org/downloads/",
            "license": [
                "LGPL-2.0+"
            ],
            "description": "Windwalker Database package",
            "homepage": "https://github.com/ventoviro/windwalker-database",
            "keywords": [
                "database",
                "framework",
                "windwalker"
            ],
            "time": "2015-04-04 06:49:58"
        },
        {
            "name": "windwalker/datamapper",
            "version": "dev-master",
            "source": {
                "type": "git",
                "url": "https://github.com/ventoviro/windwalker-datamapper.git",
                "reference": "6e87f0db2063497246ad486f4cca95af5e207703"
            },
            "dist": {
                "type": "zip",
                "url": "https://api.github.com/repos/ventoviro/windwalker-datamapper/zipball/6e87f0db2063497246ad486f4cca95af5e207703",
                "reference": "6e87f0db2063497246ad486f4cca95af5e207703",
                "shasum": ""
            },
            "require": {
                "php": ">=5.3.10",
                "windwalker/data": "~2.0"
            },
            "require-dev": {
                "windwalker/compare": "~2.0",
                "windwalker/database": "~2.0",
                "windwalker/test": "~2.0"
            },
            "suggest": {
                "windwalker/compare": "Install 2.* if you want to use Compare object.",
                "windwalker/database": "Install 2.* if you want Windwalker Database."
            },
            "type": "windwalker-package",
            "extra": {
                "branch-alias": {
                    "dev-master": "2.1-dev"
                }
            },
            "autoload": {
                "psr-4": {
                    "Windwalker\\DataMapper\\": ""
                }
            },
            "notification-url": "https://packagist.org/downloads/",
            "license": [
                "LGPL-2.0+"
            ],
            "description": "Windwalker DataMapper package",
            "homepage": "https://github.com/ventoviro/windwalker-datamapper",
            "keywords": [
                "datamapper",
                "framework",
                "windwalker"
            ],
            "time": "2015-02-17 05:43:57"
        },
        {
            "name": "windwalker/query",
            "version": "2.0.8",
            "source": {
                "type": "git",
                "url": "https://github.com/ventoviro/windwalker-query.git",
                "reference": "7895c7638097898ff597421a959da5b02fc420d1"
            },
            "dist": {
                "type": "zip",
                "url": "https://api.github.com/repos/ventoviro/windwalker-query/zipball/7895c7638097898ff597421a959da5b02fc420d1",
                "reference": "7895c7638097898ff597421a959da5b02fc420d1",
                "shasum": ""
            },
            "require": {
                "php": ">=5.3.10"
            },
            "require-dev": {
                "jdorn/sql-formatter": "1.*",
                "windwalker/database": "~2.0",
                "windwalker/test": "~2.0"
            },
            "type": "windwalker-package",
            "extra": {
                "branch-alias": {
                    "dev-master": "2.1-dev"
                }
            },
            "autoload": {
                "psr-4": {
                    "Windwalker\\Query\\": ""
                }
            },
            "notification-url": "https://packagist.org/downloads/",
            "license": [
                "LGPL-2.0+"
            ],
            "description": "Windwalker Query package",
            "homepage": "https://github.com/ventoviro/windwalker-query",
            "keywords": [
                "framework",
                "query",
                "windwalker"
            ],
            "time": "2015-04-04 03:34:55"
        }
    ],
    "packages-dev": [],
    "aliases": [],
    "minimum-stability": "stable",
    "stability-flags": {
        "windwalker/datamapper": 20
    },
    "prefer-stable": false,
    "prefer-lowest": false,
    "platform": [],
    "platform-dev": []
}
